{
  "lockfileVersion": 1,
  "configVersion": 0,
  "workspaces": {
    "": {
      "name": "claude-bedrock-mfa",
      "dependencies": {
        "@aws-sdk/client-sts": "^3.998.0",
        "webview-bun": "^2.4.0",
      },
      "devDependencies": {
        "@types/bun": "latest",
        "node-screenshots": "^0.2.8",
      },
      "peerDependencies": {
        "typescript": "^5",
      },
    },
  },
  "packages": {
    "@aws-crypto/sha256-browser": ["@aws-crypto/sha256-browser@5.2.0", "", { "dependencies": { "@aws-crypto/sha256-js": "^5.2.0", "@aws-crypto/supports-web-crypto": "^5.2.0", "@aws-crypto/util": "^5.2.0", "@aws-sdk/types": "^3.222.0", "@aws-sdk/util-locate-window": "^3.0.0", "@smithy/util-utf8": "^2.0.0", "tslib": "^2.6.2" } }, "sha512-AXfN/lGotSQwu6HNcEsIASo7kWXZ5HYWvfOmSNKDsEqC4OashTp8alTmaz+F7TC2L083SFv5RdB+qU3Vs1kZqw=="],

    "@aws-crypto/sha256-js": ["@aws-crypto/sha256-js@5.2.0", "", { "dependencies": { "@aws-crypto/util": "^5.2.0", "@aws-sdk/types": "^3.222.0", "tslib": "^2.6.2" } }, "sha512-FFQQyu7edu4ufvIZ+OadFpHHOt+eSTBaYaki44c+akjg7qZg9oOQeLlk77F6tSYqjDAFClrHJk9tMf0HdVyOvA=="],

    "@aws-crypto/supports-web-crypto": ["@aws-crypto/supports-web-crypto@5.2.0", "", { "dependencies": { "tslib": "^2.6.2" } }, "sha512-iAvUotm021kM33eCdNfwIN//F77/IADDSs58i+MDaOqFrVjZo9bAal0NK7HurRuWLLpF1iLX7gbWrjHjeo+YFg=="],

    "@aws-crypto/util": ["@aws-crypto/util@5.2.0", "", { "dependencies": { "@aws-sdk/types": "^3.222.0", "@smithy/util-utf8": "^2.0.0", "tslib": "^2.6.2" } }, "sha512-4RkU9EsI6ZpBve5fseQlGNUWKMa1RLPQ1dnjnQoe07ldfIzcsGb5hC5W0Dm7u423KWzawlrpbjXBrXCEv9zazQ=="],

    "@aws-sdk/client-sts": ["@aws-sdk/client-sts@3.998.0", "", { "dependencies": { "@aws-crypto/sha256-browser": "5.2.0", "@aws-crypto/sha256-js": "5.2.0", "@aws-sdk/core": "^3.973.14", "@aws-sdk/credential-provider-node": "^3.972.13", "@aws-sdk/middleware-host-header": "^3.972.5", "@aws-sdk/middleware-logger": "^3.972.5", "@aws-sdk/middleware-recursion-detection": "^3.972.5", "@aws-sdk/middleware-user-agent": "^3.972.14", "@aws-sdk/region-config-resolver": "^3.972.5", "@aws-sdk/types": "^3.973.3", "@aws-sdk/util-endpoints": "^3.996.2", "@aws-sdk/util-user-agent-browser": "^3.972.5", "@aws-sdk/util-user-agent-node": "^3.972.13", "@smithy/config-resolver": "^4.4.9", "@smithy/core": "^3.23.6", "@smithy/fetch-http-handler": "^5.3.11", "@smithy/hash-node": "^4.2.10", "@smithy/invalid-dependency": "^4.2.10", "@smithy/middleware-content-length": "^4.2.10", "@smithy/middleware-endpoint": "^4.4.20", "@smithy/middleware-retry": "^4.4.37", "@smithy/middleware-serde": "^4.2.11", "@smithy/middleware-stack": "^4.2.10", "@smithy/node-config-provider": "^4.3.10", "@smithy/node-http-handler": "^4.4.12", "@smithy/protocol-http": "^5.3.10", "@smithy/smithy-client": "^4.12.0", "@smithy/types": "^4.13.0", "@smithy/url-parser": "^4.2.10", "@smithy/util-base64": "^4.3.1", "@smithy/util-body-length-browser": "^4.2.1", "@smithy/util-body-length-node": "^4.2.2", "@smithy/util-defaults-mode-browser": "^4.3.36", "@smithy/util-defaults-mode-node": "^4.2.39", "@smithy/util-endpoints": "^3.3.1", "@smithy/util-middleware": "^4.2.10", "@smithy/util-retry": "^4.2.10", "@smithy/util-utf8": "^4.2.1", "tslib": "^2.6.2" } }, "sha512-2KI4ZtA0ilFfjBk2nPC6F0TEnzSKvbZbuYF6fguPa4po5DaNeheASpmWrXqdIte4orbNJU+Du2pSanxpHxDhvg=="],

    "@aws-sdk/core": ["@aws-sdk/core@3.973.14", "", { "dependencies": { "@aws-sdk/types": "^3.973.3", "@aws-sdk/xml-builder": "^3.972.7", "@smithy/core": "^3.23.6", "@smithy/node-config-provider": "^4.3.10", "@smithy/property-provider": "^4.2.10", "@smithy/protocol-http": "^5.3.10", "@smithy/signature-v4": "^5.3.10", "@smithy/smithy-client": "^4.12.0", "@smithy/types": "^4.13.0", "@smithy/util-base64": "^4.3.1", "@smithy/util-middleware": "^4.2.10", "@smithy/util-utf8": "^4.2.1", "tslib": "^2.6.2" } }, "sha512-iAQ1jIGESTVjoqNNY9VlsE9FnCz+Hc8s+dgurF6WrgFyVIw+uggH+V102RFhwjRv4dLSSLfzjDwvQnLszov7TQ=="],

    "@aws-sdk/credential-provider-env": ["@aws-sdk/credential-provider-env@3.972.12", "", { "dependencies": { "@aws-sdk/core": "^3.973.14", "@aws-sdk/types": "^3.973.3", "@smithy/property-provider": "^4.2.10", "@smithy/types": "^4.13.0", "tslib": "^2.6.2" } }, "sha512-WPtj/iAYHHd+NDM6AZoilZwUz0nMaPxbTPGLA7nhyIYRZN2L8trqfbNvm7g/Jr3gzfKp1LpO6AtBTnrhz9WW2g=="],

    "@aws-sdk/credential-provider-http": ["@aws-sdk/credential-provider-http@3.972.14", "", { "dependencies": { "@aws-sdk/core": "^3.973.14", "@aws-sdk/types": "^3.973.3", "@smithy/fetch-http-handler": "^5.3.11", "@smithy/node-http-handler": "^4.4.12", "@smithy/property-provider": "^4.2.10", "@smithy/protocol-http": "^5.3.10", "@smithy/smithy-client": "^4.12.0", "@smithy/types": "^4.13.0", "@smithy/util-stream": "^4.5.15", "tslib": "^2.6.2" } }, "sha512-umtjCicH2o/Fcc8Fu1562UkDyt6gql4czTYVlUfHfAM8S4QEKggzmtHYYYpPfQcjFj1ajyy68ahYSuF67x4ptQ=="],

    "@aws-sdk/credential-provider-ini": ["@aws-sdk/credential-provider-ini@3.972.12", "", { "dependencies": { "@aws-sdk/core": "^3.973.14", "@aws-sdk/credential-provider-env": "^3.972.12", "@aws-sdk/credential-provider-http": "^3.972.14", "@aws-sdk/credential-provider-login": "^3.972.12", "@aws-sdk/credential-provider-process": "^3.972.12", "@aws-sdk/credential-provider-sso": "^3.972.12", "@aws-sdk/credential-provider-web-identity": "^3.972.12", "@aws-sdk/nested-clients": "^3.996.2", "@aws-sdk/types": "^3.973.3", "@smithy/credential-provider-imds": "^4.2.10", "@smithy/property-provider": "^4.2.10", "@smithy/shared-ini-file-loader": "^4.4.5", "@smithy/types": "^4.13.0", "tslib": "^2.6.2" } }, "sha512-qjzgnMl6GIBbVeK74jBqSF07+s6kyeZl5R88qjMs302JlqkxE57jkvflDmZ9I017ffEWqIUa9/M4Hfp28qyu1g=="],

    "@aws-sdk/credential-provider-login": ["@aws-sdk/credential-provider-login@3.972.12", "", { "dependencies": { "@aws-sdk/core": "^3.973.14", "@aws-sdk/nested-clients": "^3.996.2", "@aws-sdk/types": "^3.973.3", "@smithy/property-provider": "^4.2.10", "@smithy/protocol-http": "^5.3.10", "@smithy/shared-ini-file-loader": "^4.4.5", "@smithy/types": "^4.13.0", "tslib": "^2.6.2" } }, "sha512-AO57y46PzG24bJzxWLk+FYJG6MzxvXoFXnOKnmKUGV43ub4/FS/4Rz7zCC6ThqUotgqEFd30l5LTAd65RP65pg=="],

    "@aws-sdk/credential-provider-node": ["@aws-sdk/credential-provider-node@3.972.13", "", { "dependencies": { "@aws-sdk/credential-provider-env": "^3.972.12", "@aws-sdk/credential-provider-http": "^3.972.14", "@aws-sdk/credential-provider-ini": "^3.972.12", "@aws-sdk/credential-provider-process": "^3.972.12", "@aws-sdk/credential-provider-sso": "^3.972.12", "@aws-sdk/credential-provider-web-identity": "^3.972.12", "@aws-sdk/types": "^3.973.3", "@smithy/credential-provider-imds": "^4.2.10", "@smithy/property-provider": "^4.2.10", "@smithy/shared-ini-file-loader": "^4.4.5", "@smithy/types": "^4.13.0", "tslib": "^2.6.2" } }, "sha512-ME2sgus+gFRtiudy5Xqj9iT/tj8lHOIGrFgktuO5skJU4EngOvTZ1Hpj8mknrW4FgWXmpWhc88NtEscUuuDpKw=="],

    "@aws-sdk/credential-provider-process": ["@aws-sdk/credential-provider-process@3.972.12", "", { "dependencies": { "@aws-sdk/core": "^3.973.14", "@aws-sdk/types": "^3.973.3", "@smithy/property-provider": "^4.2.10", "@smithy/shared-ini-file-loader": "^4.4.5", "@smithy/types": "^4.13.0", "tslib": "^2.6.2" } }, "sha512-msxrHBpVP5AOIDohNPCINUtL47f7XI1TEru3N13uM3nWUMvIRA1vFa8Tlxbxm1EntPPvLAxRmvE5EbjDjOZkbw=="],

    "@aws-sdk/credential-provider-sso": ["@aws-sdk/credential-provider-sso@3.972.12", "", { "dependencies": { "@aws-sdk/core": "^3.973.14", "@aws-sdk/nested-clients": "^3.996.2", "@aws-sdk/token-providers": "3.998.0", "@aws-sdk/types": "^3.973.3", "@smithy/property-provider": "^4.2.10", "@smithy/shared-ini-file-loader": "^4.4.5", "@smithy/types": "^4.13.0", "tslib": "^2.6.2" } }, "sha512-D5iC5546hJyhobJN0szOT4KVeJQ8z/meZq2B3lEDZFcvHONKw+tzq36DAJUy3qLTueeB2geSxiHXngQlA11eoA=="],

    "@aws-sdk/credential-provider-web-identity": ["@aws-sdk/credential-provider-web-identity@3.972.12", "", { "dependencies": { "@aws-sdk/core": "^3.973.14", "@aws-sdk/nested-clients": "^3.996.2", "@aws-sdk/types": "^3.973.3", "@smithy/property-provider": "^4.2.10", "@smithy/shared-ini-file-loader": "^4.4.5", "@smithy/types": "^4.13.0", "tslib": "^2.6.2" } }, "sha512-yluBahBVsduoA/zgV0NAXtwwXvQ6tNn95dNA3Hg+vISdiPWA46QY0d9PLO2KpNbjtm+1oGcWxemS4fYTwJ0W1w=="],

    "@aws-sdk/middleware-host-header": ["@aws-sdk/middleware-host-header@3.972.5", "", { "dependencies": { "@aws-sdk/types": "^3.973.3", "@smithy/protocol-http": "^5.3.10", "@smithy/types": "^4.13.0", "tslib": "^2.6.2" } }, "sha512-dVA0m1cEQ2iA6yB19aHvWNeUVTuvTt3AXzT0aiIu2uxk0S7AcmwDCDaRgYa/v+eFHcJVxEnpYTozqA7X62xinw=="],

    "@aws-sdk/middleware-logger": ["@aws-sdk/middleware-logger@3.972.5", "", { "dependencies": { "@aws-sdk/types": "^3.973.3", "@smithy/types": "^4.13.0", "tslib": "^2.6.2" } }, "sha512-03RqplLZjUTkYi0dDPR/bbOLnDLFNdaVvNENgA3XK7Ph1MhEBhUYlgoGfOyRAKApDZ+WG4ykOoA8jI8J04jmFA=="],

    "@aws-sdk/middleware-recursion-detection": ["@aws-sdk/middleware-recursion-detection@3.972.5", "", { "dependencies": { "@aws-sdk/types": "^3.973.3", "@aws/lambda-invoke-store": "^0.2.2", "@smithy/protocol-http": "^5.3.10", "@smithy/types": "^4.13.0", "tslib": "^2.6.2" } }, "sha512-2QSuuVkpHTe84+mDdnFjHX8rAP3g0yYwLVAhS3lQN1rW5Z/zNsf8/pYQrLjLO4n4sPCsUAkTa0Vrod0lk+o1Tg=="],

    "@aws-sdk/middleware-user-agent": ["@aws-sdk/middleware-user-agent@3.972.14", "", { "dependencies": { "@aws-sdk/core": "^3.973.14", "@aws-sdk/types": "^3.973.3", "@aws-sdk/util-endpoints": "^3.996.2", "@smithy/core": "^3.23.6", "@smithy/protocol-http": "^5.3.10", "@smithy/types": "^4.13.0", "tslib": "^2.6.2" } }, "sha512-PzDz+yRAQuIzd+4ZY3s6/TYRzlNKAn4Gae3E5uLV7NnYHqrZHFoAfKE4beXcu3C51pA2/FQ3X2qOGSYqUoN1WQ=="],

    "@aws-sdk/nested-clients": ["@aws-sdk/nested-clients@3.996.2", "", { "dependencies": { "@aws-crypto/sha256-browser": "5.2.0", "@aws-crypto/sha256-js": "5.2.0", "@aws-sdk/core": "^3.973.14", "@aws-sdk/middleware-host-header": "^3.972.5", "@aws-sdk/middleware-logger": "^3.972.5", "@aws-sdk/middleware-recursion-detection": "^3.972.5", "@aws-sdk/middleware-user-agent": "^3.972.14", "@aws-sdk/region-config-resolver": "^3.972.5", "@aws-sdk/types": "^3.973.3", "@aws-sdk/util-endpoints": "^3.996.2", "@aws-sdk/util-user-agent-browser": "^3.972.5", "@aws-sdk/util-user-agent-node": "^3.972.13", "@smithy/config-resolver": "^4.4.9", "@smithy/core": "^3.23.6", "@smithy/fetch-http-handler": "^5.3.11", "@smithy/hash-node": "^4.2.10", "@smithy/invalid-dependency": "^4.2.10", "@smithy/middleware-content-length": "^4.2.10", "@smithy/middleware-endpoint": "^4.4.20", "@smithy/middleware-retry": "^4.4.37", "@smithy/middleware-serde": "^4.2.11", "@smithy/middleware-stack": "^4.2.10", "@smithy/node-config-provider": "^4.3.10", "@smithy/node-http-handler": "^4.4.12", "@smithy/protocol-http": "^5.3.10", "@smithy/smithy-client": "^4.12.0", "@smithy/types": "^4.13.0", "@smithy/url-parser": "^4.2.10", "@smithy/util-base64": "^4.3.1", "@smithy/util-body-length-browser": "^4.2.1", "@smithy/util-body-length-node": "^4.2.2", "@smithy/util-defaults-mode-browser": "^4.3.36", "@smithy/util-defaults-mode-node": "^4.2.39", "@smithy/util-endpoints": "^3.3.1", "@smithy/util-middleware": "^4.2.10", "@smithy/util-retry": "^4.2.10", "@smithy/util-utf8": "^4.2.1", "tslib": "^2.6.2" } }, "sha512-W+u6EM8WRxOIhAhR2mXMHSaUygqItpTehkgxLwJngXqr9RlAR4t6CtECH7o7QK0ct3oyi5Z8ViDHtPbel+D2Rg=="],

    "@aws-sdk/region-config-resolver": ["@aws-sdk/region-config-resolver@3.972.5", "", { "dependencies": { "@aws-sdk/types": "^3.973.3", "@smithy/config-resolver": "^4.4.9", "@smithy/node-config-provider": "^4.3.10", "@smithy/types": "^4.13.0", "tslib": "^2.6.2" } }, "sha512-AOitrygDwfTNCLCW7L+GScDy1p49FZ6WutTUFWROouoPetfVNmpL4q8TWD3MhfY/ynhoGhleUQENrBH374EU8w=="],

    "@aws-sdk/token-providers": ["@aws-sdk/token-providers@3.998.0", "", { "dependencies": { "@aws-sdk/core": "^3.973.14", "@aws-sdk/nested-clients": "^3.996.2", "@aws-sdk/types": "^3.973.3", "@smithy/property-provider": "^4.2.10", "@smithy/shared-ini-file-loader": "^4.4.5", "@smithy/types": "^4.13.0", "tslib": "^2.6.2" } }, "sha512-JFzi44tQnENZQ+1DYcHfoa/wTRKkccz0VsNMow0rvsxZtqUEkeV2pYFbir35mHTyUKju9995ay1MAGxLt1dpRA=="],

    "@aws-sdk/types": ["@aws-sdk/types@3.973.3", "", { "dependencies": { "@smithy/types": "^4.13.0", "tslib": "^2.6.2" } }, "sha512-tma6D8/xHZHJEUqmr6ksZjZ0onyIUqKDQLyp50ttZJmS0IwFYzxBgp5CxFvpYAnah52V3UtgrqGA6E83gtT7NQ=="],

    "@aws-sdk/util-endpoints": ["@aws-sdk/util-endpoints@3.996.2", "", { "dependencies": { "@aws-sdk/types": "^3.973.3", "@smithy/types": "^4.13.0", "@smithy/url-parser": "^4.2.10", "@smithy/util-endpoints": "^3.3.1", "tslib": "^2.6.2" } }, "sha512-83E6T1CKi0/IozPzqRBKqduW0mS4UQdI3soBH6CG7UgupTADWunqEMOTuPWCs9XGjpJJ4ujj+yu7pn8svhp5yg=="],

    "@aws-sdk/util-locate-window": ["@aws-sdk/util-locate-window@3.965.4", "", { "dependencies": { "tslib": "^2.6.2" } }, "sha512-H1onv5SkgPBK2P6JR2MjGgbOnttoNzSPIRoeZTNPZYyaplwGg50zS3amXvXqF0/qfXpWEC9rLWU564QTB9bSog=="],

    "@aws-sdk/util-user-agent-browser": ["@aws-sdk/util-user-agent-browser@3.972.5", "", { "dependencies": { "@aws-sdk/types": "^3.973.3", "@smithy/types": "^4.13.0", "bowser": "^2.11.0", "tslib": "^2.6.2" } }, "sha512-2ja1WqtuBaEAMgVoHYuWx393DF6ULqdt3OozeO7BosqouYaoU47Adtp9vEF+GImSG/Q8A+dqfwDULTTdMkHGUQ=="],

    "@aws-sdk/util-user-agent-node": ["@aws-sdk/util-user-agent-node@3.972.13", "", { "dependencies": { "@aws-sdk/middleware-user-agent": "^3.972.14", "@aws-sdk/types": "^3.973.3", "@smithy/node-config-provider": "^4.3.10", "@smithy/types": "^4.13.0", "tslib": "^2.6.2" }, "peerDependencies": { "aws-crt": ">=1.0.0" }, "optionalPeers": ["aws-crt"] }, "sha512-PHErmuu+v6iAST48zcsB2cYwDKW45gk6qCp49t1p0NGZ4EaFPr/tA5jl0X/ekDwvWbuT0LTj++fjjdVQAbuh0Q=="],

    "@aws-sdk/xml-builder": ["@aws-sdk/xml-builder@3.972.7", "", { "dependencies": { "@smithy/types": "^4.13.0", "fast-xml-parser": "5.3.6", "tslib": "^2.6.2" } }, "sha512-9GF86s6mHuc1TYCbuKatMDWl2PyK3KIkpRaI7ul2/gYZPfaLzKZ+ISHhxzVb9KVeakf75tUQe6CXW2gugSCXNw=="],

    "@aws/lambda-invoke-store": ["@aws/lambda-invoke-store@0.2.3", "", {}, "sha512-oLvsaPMTBejkkmHhjf09xTgk71mOqyr/409NKhRIL08If7AhVfUsJhVsx386uJaqNd42v9kWamQ9lFbkoC2dYw=="],

    "@smithy/abort-controller": ["@smithy/abort-controller@4.2.10", "", { "dependencies": { "@smithy/types": "^4.13.0", "tslib": "^2.6.2" } }, "sha512-qocxM/X4XGATqQtUkbE9SPUB6wekBi+FyJOMbPj0AhvyvFGYEmOlz6VB22iMePCQsFmMIvFSeViDvA7mZJG47g=="],

    "@smithy/config-resolver": ["@smithy/config-resolver@4.4.9", "", { "dependencies": { "@smithy/node-config-provider": "^4.3.10", "@smithy/types": "^4.13.0", "@smithy/util-config-provider": "^4.2.1", "@smithy/util-endpoints": "^3.3.1", "@smithy/util-middleware": "^4.2.10", "tslib": "^2.6.2" } }, "sha512-ejQvXqlcU30h7liR9fXtj7PIAau1t/sFbJpgWPfiYDs7zd16jpH0IsSXKcba2jF6ChTXvIjACs27kNMc5xxE2Q=="],

    "@smithy/core": ["@smithy/core@3.23.6", "", { "dependencies": { "@smithy/middleware-serde": "^4.2.11", "@smithy/protocol-http": "^5.3.10", "@smithy/types": "^4.13.0", "@smithy/util-base64": "^4.3.1", "@smithy/util-body-length-browser": "^4.2.1", "@smithy/util-middleware": "^4.2.10", "@smithy/util-stream": "^4.5.15", "@smithy/util-utf8": "^4.2.1", "@smithy/uuid": "^1.1.1", "tslib": "^2.6.2" } }, "sha512-4xE+0L2NrsFKpEVFlFELkIHQddBvMbQ41LRIP74dGCXnY1zQ9DgksrBcRBDJT+iOzGy4VEJIeU3hkUK5mn06kg=="],

    "@smithy/credential-provider-imds": ["@smithy/credential-provider-imds@4.2.10", "", { "dependencies": { "@smithy/node-config-provider": "^4.3.10", "@smithy/property-provider": "^4.2.10", "@smithy/types": "^4.13.0", "@smithy/url-parser": "^4.2.10", "tslib": "^2.6.2" } }, "sha512-3bsMLJJLTZGZqVGGeBVFfLzuRulVsGTj12BzRKODTHqUABpIr0jMN1vN3+u6r2OfyhAQ2pXaMZWX/swBK5I6PQ=="],

    "@smithy/fetch-http-handler": ["@smithy/fetch-http-handler@5.3.11", "", { "dependencies": { "@smithy/protocol-http": "^5.3.10", "@smithy/querystring-builder": "^4.2.10", "@smithy/types": "^4.13.0", "@smithy/util-base64": "^4.3.1", "tslib": "^2.6.2" } }, "sha512-wbTRjOxdFuyEg0CpumjZO0hkUl+fetJFqxNROepuLIoijQh51aMBmzFLfoQdwRjxsuuS2jizzIUTjPWgd8pd7g=="],

    "@smithy/hash-node": ["@smithy/hash-node@4.2.10", "", { "dependencies": { "@smithy/types": "^4.13.0", "@smithy/util-buffer-from": "^4.2.1", "@smithy/util-utf8": "^4.2.1", "tslib": "^2.6.2" } }, "sha512-1VzIOI5CcsvMDvP3iv1vG/RfLJVVVc67dCRyLSB2Hn9SWCZrDO3zvcIzj3BfEtqRW5kcMg5KAeVf1K3dR6nD3w=="],

    "@smithy/invalid-dependency": ["@smithy/invalid-dependency@4.2.10", "", { "dependencies": { "@smithy/types": "^4.13.0", "tslib": "^2.6.2" } }, "sha512-vy9KPNSFUU0ajFYk0sDZIYiUlAWGEAhRfehIr5ZkdFrRFTAuXEPUd41USuqHU6vvLX4r6Q9X7MKBco5+Il0Org=="],

    "@smithy/is-array-buffer": ["@smithy/is-array-buffer@4.2.1", "", { "dependencies": { "tslib": "^2.6.2" } }, "sha512-Yfu664Qbf1B4IYIsYgKoABt010daZjkaCRvdU/sPnZG6TtHOB0md0RjNdLGzxe5UIdn9js4ftPICzmkRa9RJ4Q=="],

    "@smithy/middleware-content-length": ["@smithy/middleware-content-length@4.2.10", "", { "dependencies": { "@smithy/protocol-http": "^5.3.10", "@smithy/types": "^4.13.0", "tslib": "^2.6.2" } }, "sha512-TQZ9kX5c6XbjhaEBpvhSvMEZ0klBs1CFtOdPFwATZSbC9UeQfKHPLPN9Y+I6wZGMOavlYTOlHEPDrt42PMSH9w=="],

    "@smithy/middleware-endpoint": ["@smithy/middleware-endpoint@4.4.20", "", { "dependencies": { "@smithy/core": "^3.23.6", "@smithy/middleware-serde": "^4.2.11", "@smithy/node-config-provider": "^4.3.10", "@smithy/shared-ini-file-loader": "^4.4.5", "@smithy/types": "^4.13.0", "@smithy/url-parser": "^4.2.10", "@smithy/util-middleware": "^4.2.10", "tslib": "^2.6.2" } }, "sha512-9W6Np4ceBP3XCYAGLoMCmn8t2RRVzuD1ndWPLBbv7H9CrwM9Bprf6Up6BM9ZA/3alodg0b7Kf6ftBK9R1N04vw=="],

    "@smithy/middleware-retry": ["@smithy/middleware-retry@4.4.37", "", { "dependencies": { "@smithy/node-config-provider": "^4.3.10", "@smithy/protocol-http": "^5.3.10", "@smithy/service-error-classification": "^4.2.10", "@smithy/smithy-client": "^4.12.0", "@smithy/types": "^4.13.0", "@smithy/util-middleware": "^4.2.10", "@smithy/util-retry": "^4.2.10", "@smithy/uuid": "^1.1.1", "tslib": "^2.6.2" } }, "sha512-/1psZZllBBSQ7+qo5+hhLz7AEPGLx3Z0+e3ramMBEuPK2PfvLK4SrncDB9VegX5mBn+oP/UTDrM6IHrFjvX1ZA=="],

    "@smithy/middleware-serde": ["@smithy/middleware-serde@4.2.11", "", { "dependencies": { "@smithy/protocol-http": "^5.3.10", "@smithy/types": "^4.13.0", "tslib": "^2.6.2" } }, "sha512-STQdONGPwbbC7cusL60s7vOa6He6A9w2jWhoapL0mgVjmR19pr26slV+yoSP76SIssMTX/95e5nOZ6UQv6jolg=="],

    "@smithy/middleware-stack": ["@smithy/middleware-stack@4.2.10", "", { "dependencies": { "@smithy/types": "^4.13.0", "tslib": "^2.6.2" } }, "sha512-pmts/WovNcE/tlyHa8z/groPeOtqtEpp61q3W0nW1nDJuMq/x+hWa/OVQBtgU0tBqupeXq0VBOLA4UZwE8I0YA=="],

    "@smithy/node-config-provider": ["@smithy/node-config-provider@4.3.10", "", { "dependencies": { "@smithy/property-provider": "^4.2.10", "@smithy/shared-ini-file-loader": "^4.4.5", "@smithy/types": "^4.13.0", "tslib": "^2.6.2" } }, "sha512-UALRbJtVX34AdP2VECKVlnNgidLHA2A7YgcJzwSBg1hzmnO/bZBHl/LDQQyYifzUwp1UOODnl9JJ3KNawpUJ9w=="],

    "@smithy/node-http-handler": ["@smithy/node-http-handler@4.4.12", "", { "dependencies": { "@smithy/abort-controller": "^4.2.10", "@smithy/protocol-http": "^5.3.10", "@smithy/querystring-builder": "^4.2.10", "@smithy/types": "^4.13.0", "tslib": "^2.6.2" } }, "sha512-zo1+WKJkR9x7ZtMeMDAAsq2PufwiLDmkhcjpWPRRkmeIuOm6nq1qjFICSZbnjBvD09ei8KMo26BWxsu2BUU+5w=="],

    "@smithy/property-provider": ["@smithy/property-provider@4.2.10", "", { "dependencies": { "@smithy/types": "^4.13.0", "tslib": "^2.6.2" } }, "sha512-5jm60P0CU7tom0eNrZ7YrkgBaoLFXzmqB0wVS+4uK8PPGmosSrLNf6rRd50UBvukztawZ7zyA8TxlrKpF5z9jw=="],

    "@smithy/protocol-http": ["@smithy/protocol-http@5.3.10", "", { "dependencies": { "@smithy/types": "^4.13.0", "tslib": "^2.6.2" } }, "sha512-2NzVWpYY0tRdfeCJLsgrR89KE3NTWT2wGulhNUxYlRmtRmPwLQwKzhrfVaiNlA9ZpJvbW7cjTVChYKgnkqXj1A=="],

    "@smithy/querystring-builder": ["@smithy/querystring-builder@4.2.10", "", { "dependencies": { "@smithy/types": "^4.13.0", "@smithy/util-uri-escape": "^4.2.1", "tslib": "^2.6.2" } }, "sha512-HeN7kEvuzO2DmAzLukE9UryiUvejD3tMp9a1D1NJETerIfKobBUCLfviP6QEk500166eD2IATaXM59qgUI+YDA=="],

    "@smithy/querystring-parser": ["@smithy/querystring-parser@4.2.10", "", { "dependencies": { "@smithy/types": "^4.13.0", "tslib": "^2.6.2" } }, "sha512-4Mh18J26+ao1oX5wXJfWlTT+Q1OpDR8ssiC9PDOuEgVBGloqg18Fw7h5Ct8DyT9NBYwJgtJ2nLjKKFU6RP1G1Q=="],

    "@smithy/service-error-classification": ["@smithy/service-error-classification@4.2.10", "", { "dependencies": { "@smithy/types": "^4.13.0" } }, "sha512-0R/+/Il5y8nB/By90o8hy/bWVYptbIfvoTYad0igYQO5RefhNCDmNzqxaMx7K1t/QWo0d6UynqpqN5cCQt1MCg=="],

    "@smithy/shared-ini-file-loader": ["@smithy/shared-ini-file-loader@4.4.5", "", { "dependencies": { "@smithy/types": "^4.13.0", "tslib": "^2.6.2" } }, "sha512-pHgASxl50rrtOztgQCPmOXFjRW+mCd7ALr/3uXNzRrRoGV5G2+78GOsQ3HlQuBVHCh9o6xqMNvlIKZjWn4Euug=="],

    "@smithy/signature-v4": ["@smithy/signature-v4@5.3.10", "", { "dependencies": { "@smithy/is-array-buffer": "^4.2.1", "@smithy/protocol-http": "^5.3.10", "@smithy/types": "^4.13.0", "@smithy/util-hex-encoding": "^4.2.1", "@smithy/util-middleware": "^4.2.10", "@smithy/util-uri-escape": "^4.2.1", "@smithy/util-utf8": "^4.2.1", "tslib": "^2.6.2" } }, "sha512-Wab3wW8468WqTKIxI+aZe3JYO52/RYT/8sDOdzkUhjnLakLe9qoQqIcfih/qxcF4qWEFoWBszY0mj5uxffaVXA=="],

    "@smithy/smithy-client": ["@smithy/smithy-client@4.12.0", "", { "dependencies": { "@smithy/core": "^3.23.6", "@smithy/middleware-endpoint": "^4.4.20", "@smithy/middleware-stack": "^4.2.10", "@smithy/protocol-http": "^5.3.10", "@smithy/types": "^4.13.0", "@smithy/util-stream": "^4.5.15", "tslib": "^2.6.2" } }, "sha512-R8bQ9K3lCcXyZmBnQqUZJF4ChZmtWT5NLi6x5kgWx5D+/j0KorXcA0YcFg/X5TOgnTCy1tbKc6z2g2y4amFupQ=="],

    "@smithy/types": ["@smithy/types@4.13.0", "", { "dependencies": { "tslib": "^2.6.2" } }, "sha512-COuLsZILbbQsdrwKQpkkpyep7lCsByxwj7m0Mg5v66/ZTyenlfBc40/QFQ5chO0YN/PNEH1Bi3fGtfXPnYNeDw=="],

    "@smithy/url-parser": ["@smithy/url-parser@4.2.10", "", { "dependencies": { "@smithy/querystring-parser": "^4.2.10", "@smithy/types": "^4.13.0", "tslib": "^2.6.2" } }, "sha512-uypjF7fCDsRk26u3qHmFI/ePL7bxxB9vKkE+2WKEciHhz+4QtbzWiHRVNRJwU3cKhrYDYQE3b0MRFtqfLYdA4A=="],

    "@smithy/util-base64": ["@smithy/util-base64@4.3.1", "", { "dependencies": { "@smithy/util-buffer-from": "^4.2.1", "@smithy/util-utf8": "^4.2.1", "tslib": "^2.6.2" } }, "sha512-BKGuawX4Doq/bI/uEmg+Zyc36rJKWuin3py89PquXBIBqmbnJwBBsmKhdHfNEp0+A4TDgLmT/3MSKZ1SxHcR6w=="],

    "@smithy/util-body-length-browser": ["@smithy/util-body-length-browser@4.2.1", "", { "dependencies": { "tslib": "^2.6.2" } }, "sha512-SiJeLiozrAoCrgDBUgsVbmqHmMgg/2bA15AzcbcW+zan7SuyAVHN4xTSbq0GlebAIwlcaX32xacnrG488/J/6g=="],

    "@smithy/util-body-length-node": ["@smithy/util-body-length-node@4.2.2", "", { "dependencies": { "tslib": "^2.6.2" } }, "sha512-4rHqBvxtJEBvsZcFQSPQqXP2b/yy/YlB66KlcEgcH2WNoOKCKB03DSLzXmOsXjbl8dJ4OEYTn31knhdznwk7zw=="],

    "@smithy/util-buffer-from": ["@smithy/util-buffer-from@4.2.1", "", { "dependencies": { "@smithy/is-array-buffer": "^4.2.1", "tslib": "^2.6.2" } }, "sha512-/swhmt1qTiVkaejlmMPPDgZhEaWb/HWMGRBheaxwuVkusp/z+ErJyQxO6kaXumOciZSWlmq6Z5mNylCd33X7Ig=="],

    "@smithy/util-config-provider": ["@smithy/util-config-provider@4.2.1", "", { "dependencies": { "tslib": "^2.6.2" } }, "sha512-462id/00U8JWFw6qBuTSWfN5TxOHvDu4WliI97qOIOnuC/g+NDAknTU8eoGXEPlLkRVgWEr03jJBLV4o2FL8+A=="],

    "@smithy/util-defaults-mode-browser": ["@smithy/util-defaults-mode-browser@4.3.36", "", { "dependencies": { "@smithy/property-provider": "^4.2.10", "@smithy/smithy-client": "^4.12.0", "@smithy/types": "^4.13.0", "tslib": "^2.6.2" } }, "sha512-R0smq7EHQXRVMxkAxtH5akJ/FvgAmNF6bUy/GwY/N20T4GrwjT633NFm0VuRpC+8Bbv8R9A0DoJ9OiZL/M3xew=="],

    "@smithy/util-defaults-mode-node": ["@smithy/util-defaults-mode-node@4.2.39", "", { "dependencies": { "@smithy/config-resolver": "^4.4.9", "@smithy/credential-provider-imds": "^4.2.10", "@smithy/node-config-provider": "^4.3.10", "@smithy/property-provider": "^4.2.10", "@smithy/smithy-client": "^4.12.0", "@smithy/types": "^4.13.0", "tslib": "^2.6.2" } }, "sha512-otWuoDm35btJV1L8MyHrPl462B07QCdMTktKc7/yM+Psv6KbED/ziXiHnmr7yPHUjfIwE9S8Max0LO24Mo3ZVg=="],

    "@smithy/util-endpoints": ["@smithy/util-endpoints@3.3.1", "", { "dependencies": { "@smithy/node-config-provider": "^4.3.10", "@smithy/types": "^4.13.0", "tslib": "^2.6.2" } }, "sha512-xyctc4klmjmieQiF9I1wssBWleRV0RhJ2DpO8+8yzi2LO1Z+4IWOZNGZGNj4+hq9kdo+nyfrRLmQTzc16Op2Vg=="],

    "@smithy/util-hex-encoding": ["@smithy/util-hex-encoding@4.2.1", "", { "dependencies": { "tslib": "^2.6.2" } }, "sha512-c1hHtkgAWmE35/50gmdKajgGAKV3ePJ7t6UtEmpfCWJmQE9BQAQPz0URUVI89eSkcDqCtzqllxzG28IQoZPvwA=="],

    "@smithy/util-middleware": ["@smithy/util-middleware@4.2.10", "", { "dependencies": { "@smithy/types": "^4.13.0", "tslib": "^2.6.2" } }, "sha512-LxaQIWLp4y0r72eA8mwPNQ9va4h5KeLM0I3M/HV9klmFaY2kN766wf5vsTzmaOpNNb7GgXAd9a25P3h8T49PSA=="],

    "@smithy/util-retry": ["@smithy/util-retry@4.2.10", "", { "dependencies": { "@smithy/service-error-classification": "^4.2.10", "@smithy/types": "^4.13.0", "tslib": "^2.6.2" } }, "sha512-HrBzistfpyE5uqTwiyLsFHscgnwB0kgv8vySp7q5kZ0Eltn/tjosaSGGDj/jJ9ys7pWzIP/icE2d+7vMKXLv7A=="],

    "@smithy/util-stream": ["@smithy/util-stream@4.5.15", "", { "dependencies": { "@smithy/fetch-http-handler": "^5.3.11", "@smithy/node-http-handler": "^4.4.12", "@smithy/types": "^4.13.0", "@smithy/util-base64": "^4.3.1", "@smithy/util-buffer-from": "^4.2.1", "@smithy/util-hex-encoding": "^4.2.1", "@smithy/util-utf8": "^4.2.1", "tslib": "^2.6.2" } }, "sha512-OlOKnaqnkU9X+6wEkd7mN+WB7orPbCVDauXOj22Q7VtiTkvy7ZdSsOg4QiNAZMgI4OkvNf+/VLUC3VXkxuWJZw=="],

    "@smithy/util-uri-escape": ["@smithy/util-uri-escape@4.2.1", "", { "dependencies": { "tslib": "^2.6.2" } }, "sha512-YmiUDn2eo2IOiWYYvGQkgX5ZkBSiTQu4FlDo5jNPpAxng2t6Sjb6WutnZV9l6VR4eJul1ABmCrnWBC9hKHQa6Q=="],

    "@smithy/util-utf8": ["@smithy/util-utf8@4.2.1", "", { "dependencies": { "@smithy/util-buffer-from": "^4.2.1", "tslib": "^2.6.2" } }, "sha512-DSIwNaWtmzrNQHv8g7DBGR9mulSit65KSj5ymGEIAknmIN8IpbZefEep10LaMG/P/xquwbmJ1h9ectz8z6mV6g=="],

    "@smithy/uuid": ["@smithy/uuid@1.1.1", "", { "dependencies": { "tslib": "^2.6.2" } }, "sha512-dSfDCeihDmZlV2oyr0yWPTUfh07suS+R5OB+FZGiv/hHyK3hrFBW5rR1UYjfa57vBsrP9lciFkRPzebaV1Qujw=="],

    "@types/bun": ["@types/bun@1.3.9", "", { "dependencies": { "bun-types": "1.3.9" } }, "sha512-KQ571yULOdWJiMH+RIWIOZ7B2RXQGpL1YQrBtLIV3FqDcCu6FsbFUBwhdKUlCKUpS3PJDsHlJ1QKlpxoVR+xtw=="],

    "@types/node": ["@types/node@25.3.0", "", { "dependencies": { "undici-types": "~7.18.0" } }, "sha512-4K3bqJpXpqfg2XKGK9bpDTc6xO/xoUP/RBWS7AtRMug6zZFaRekiLzjVtAoZMquxoAbzBvy5nxQ7veS5eYzf8A=="],

    "bowser": ["bowser@2.14.1", "", {}, "sha512-tzPjzCxygAKWFOJP011oxFHs57HzIhOEracIgAePE4pqB3LikALKnSzUyU4MGs9/iCEUuHlAJTjTc5M+u7YEGg=="],

    "bun-types": ["bun-types@1.3.9", "", { "dependencies": { "@types/node": "*" } }, "sha512-+UBWWOakIP4Tswh0Bt0QD0alpTY8cb5hvgiYeWCMet9YukHbzuruIEeXC2D7nMJPB12kbh8C7XJykSexEqGKJg=="],

    "fast-xml-parser": ["fast-xml-parser@5.3.6", "", { "dependencies": { "strnum": "^2.1.2" }, "bin": { "fxparser": "src/cli/cli.js" } }, "sha512-QNI3sAvSvaOiaMl8FYU4trnEzCwiRr8XMWgAHzlrWpTSj+QaCSvOf1h82OEP1s4hiAXhnbXSyFWCf4ldZzZRVA=="],

    "node-screenshots": ["node-screenshots@0.2.8", "", { "optionalDependencies": { "node-screenshots-darwin-arm64": "0.2.8", "node-screenshots-darwin-x64": "0.2.8", "node-screenshots-linux-arm64-gnu": "0.2.8", "node-screenshots-linux-loong64-gnu": "0.2.8", "node-screenshots-linux-x64-gnu": "0.2.8", "node-screenshots-linux-x64-musl": "0.2.8", "node-screenshots-win32-arm64-msvc": "0.2.8", "node-screenshots-win32-ia32-msvc": "0.2.8", "node-screenshots-win32-x64-msvc": "0.2.8" } }, "sha512-7O2ab89hkUgiXkrYj9iYCbJjY1iFJqIyZt0vuVtHFKlnajeFoyW+hur4CPxwwrnCUK0ahr0WLWQ5A6rCzF8rWQ=="],

    "node-screenshots-darwin-arm64": ["node-screenshots-darwin-arm64@0.2.8", "", { "os": "darwin", "cpu": "arm64" }, "sha512-CEJE47gG2ceTc1fQRE3T/8lBwCGFJ+0iJiP+CQgCUAll4kKd32DQ7lCANqUseo96/xi6HuDOlrjLkAp7x2TzFw=="],

    "node-screenshots-darwin-x64": ["node-screenshots-darwin-x64@0.2.8", "", { "os": "darwin", "cpu": "x64" }, "sha512-3WIw4QaEP3pIUtSYh2NThwmzQl00H1bTPwPS7sYRLihAzB3NA/FOnIqRmvtadI0KEnnRGX4apdZgIhfXtgbNZA=="],

    "node-screenshots-linux-arm64-gnu": ["node-screenshots-linux-arm64-gnu@0.2.8", "", { "os": "linux", "cpu": "arm64" }, "sha512-aXJKtekSzQLJX6hh/VT5gilyloiN3DE4oE5xu9z7nLcTPyfC089dqVoERXJxnT+aqSQzx0KkI2te8BZNkjaMtQ=="],

    "node-screenshots-linux-loong64-gnu": ["node-screenshots-linux-loong64-gnu@0.2.8", "", { "os": "linux", "cpu": "none" }, "sha512-+982Yn7L7XID/FhYR6W6S2IVTLiueOBcHs/BP1Te5W6MtwlIIRg593zFh5HPQp7G+IaHqEXQzQj6D7kjJhXzsQ=="],

    "node-screenshots-linux-x64-gnu": ["node-screenshots-linux-x64-gnu@0.2.8", "", { "os": "linux", "cpu": "x64" }, "sha512-xF0hLfPMm9NEF4WtiQnbCyCUxU15M25lFkBzK4WS1CGOcxM7e30tvvwyYfmrMp3OtW/hESQFtiTb4cjKcOdaSA=="],

    "node-screenshots-linux-x64-musl": ["node-screenshots-linux-x64-musl@0.2.8", "", { "os": "linux", "cpu": "x64" }, "sha512-mu/sVwDMt2yQM5ql2rtyQm+mq6Im2ycQLzQxXFXVJOB+k5A+Hk9h65J+G+Iy3rn1uNrYVDjgUQGvIkgpkIonCg=="],

    "node-screenshots-win32-arm64-msvc": ["node-screenshots-win32-arm64-msvc@0.2.8", "", { "os": "win32", "cpu": "arm64" }, "sha512-g7nnuoJO2yjO8Ovr+Uz9e+LYJMlYc5eqoGPQq7U7NK1LVc2DpyCJ18VT8WdP2f098lfHvE12D3X7Es8NLFjiPg=="],

    "node-screenshots-win32-ia32-msvc": ["node-screenshots-win32-ia32-msvc@0.2.8", "", { "os": "win32", "cpu": "ia32" }, "sha512-Qsh4Ggs7MzO2XuDPFMRcRxRuiUGxxtHEFuqAfLFL1DiOfBIhLpukZ8JUHlEBdzjPxMFFRJw/4nOm0tnyHP/fiQ=="],

    "node-screenshots-win32-x64-msvc": ["node-screenshots-win32-x64-msvc@0.2.8", "", { "os": "win32", "cpu": "x64" }, "sha512-DdFORB74FghM1L6UtE1TltIR2H0CCCmfQEa8gp2CTSdtBr2b0TKL7ZlbEV6x/wVKRFT59w7Kd6BULdeMmp0X2w=="],

    "strnum": ["strnum@2.1.2", "", {}, "sha512-l63NF9y/cLROq/yqKXSLtcMeeyOfnSQlfMSlzFt/K73oIaD8DGaQWd7Z34X9GPiKqP5rbSh84Hl4bOlLcjiSrQ=="],

    "tslib": ["tslib@2.8.1", "", {}, "sha512-oJFu94HQb+KVduSUQL7wnpmqnfmLsOA/nAh6b6EH0wCEoK0/mPeXU6c3wKDV83MkOuHPRHtSXKKU99IBazS/2w=="],

    "typescript": ["typescript@5.9.3", "", { "bin": { "tsc": "bin/tsc", "tsserver": "bin/tsserver" } }, "sha512-jl1vZzPDinLr9eUt3J/t7V6FgNEw9QjvBPdysz9KfQDD41fQrC2Y4vKQdiaUpFT4bXlb1RHhLpp8wtm6M5TgSw=="],

    "undici-types": ["undici-types@7.18.2", "", {}, "sha512-AsuCzffGHJybSaRrmr5eHr81mwJU3kjw6M+uprWvCXiNeN9SOGwQ3Jn8jb8m3Z6izVgknn1R0FTCEAP2QrLY/w=="],

    "webview-bun": ["webview-bun@2.4.0", "", {}, "sha512-0+ugnQlcUHmuW+iLeb+Lzb8rGUJh7WEdXvNsuvaVEXT3EagK380XdD7heVJu0Ek/mNxMY3G2JM142YRQ1hDUGQ=="],

    "@aws-crypto/sha256-browser/@smithy/util-utf8": ["@smithy/util-utf8@2.3.0", "", { "dependencies": { "@smithy/util-buffer-from": "^2.2.0", "tslib": "^2.6.2" } }, "sha512-R8Rdn8Hy72KKcebgLiv8jQcQkXoLMOGGv5uI1/k0l+snqkOzQ1R0ChUBCxWMlBsFMekWjq0wRudIweFs7sKT5A=="],

    "@aws-crypto/util/@smithy/util-utf8": ["@smithy/util-utf8@2.3.0", "", { "dependencies": { "@smithy/util-buffer-from": "^2.2.0", "tslib": "^2.6.2" } }, "sha512-R8Rdn8Hy72KKcebgLiv8jQcQkXoLMOGGv5uI1/k0l+snqkOzQ1R0ChUBCxWMlBsFMekWjq0wRudIweFs7sKT5A=="],

    "@aws-crypto/sha256-browser/@smithy/util-utf8/@smithy/util-buffer-from": ["@smithy/util-buffer-from@2.2.0", "", { "dependencies": { "@smithy/is-array-buffer": "^2.2.0", "tslib": "^2.6.2" } }, "sha512-IJdWBbTcMQ6DA0gdNhh/BwrLkDR+ADW5Kr1aZmd4k3DIF6ezMV4R2NIAmT08wQJ3yUK82thHWmC/TnK/wpMMIA=="],

    "@aws-crypto/util/@smithy/util-utf8/@smithy/util-buffer-from": ["@smithy/util-buffer-from@2.2.0", "", { "dependencies": { "@smithy/is-array-buffer": "^2.2.0", "tslib": "^2.6.2" } }, "sha512-IJdWBbTcMQ6DA0gdNhh/BwrLkDR+ADW5Kr1aZmd4k3DIF6ezMV4R2NIAmT08wQJ3yUK82thHWmC/TnK/wpMMIA=="],

    "@aws-crypto/sha256-browser/@smithy/util-utf8/@smithy/util-buffer-from/@smithy/is-array-buffer": ["@smithy/is-array-buffer@2.2.0", "", { "dependencies": { "tslib": "^2.6.2" } }, "sha512-GGP3O9QFD24uGeAXYUjwSTXARoqpZykHadOmA8G5vfJPK0/DC67qa//0qvqrJzL1xc8WQWX7/yc7fwudjPHPhA=="],

    "@aws-crypto/util/@smithy/util-utf8/@smithy/util-buffer-from/@smithy/is-array-buffer": ["@smithy/is-array-buffer@2.2.0", "", { "dependencies": { "tslib": "^2.6.2" } }, "sha512-GGP3O9QFD24uGeAXYUjwSTXARoqpZykHadOmA8G5vfJPK0/DC67qa//0qvqrJzL1xc8WQWX7/yc7fwudjPHPhA=="],
  }
}
